// !$*UTF8*$!
{
	archiveVersion = 1;
	classes = {
	};
	objectVersion = 56;
	objects = {

/* Begin PBXBuildFile section */
		FB0519E52CA308110017CCAB /* AppDelegate.swift in Sources */ = {isa = PBXBuildFile; fileRef = FB0519E42CA308110017CCAB /* AppDelegate.swift */; };
		FB0519E72CA308110017CCAB /* SceneDelegate.swift in Sources */ = {isa = PBXBuildFile; fileRef = FB0519E62CA308110017CCAB /* SceneDelegate.swift */; };
		FB0519E92CA308110017CCAB /* ViewController.swift in Sources */ = {isa = PBXBuildFile; fileRef = FB0519E82CA308110017CCAB /* ViewController.swift */; };
		FB0519EC2CA308110017CCAB /* Base in Resources */ = {isa = PBXBuildFile; fileRef = FB0519EB2CA308110017CCAB /* Base */; };
		FB0519EE2CA308130017CCAB /* Assets.xcassets in Resources */ = {isa = PBXBuildFile; fileRef = FB0519ED2CA308130017CCAB /* Assets.xcassets */; };
		FB0519F12CA308130017CCAB /* Base in Resources */ = {isa = PBXBuildFile; fileRef = FB0519F02CA308130017CCAB /* Base */; };
		FB0519F92CA310A20017CCAB /* CONTRIES in Resources */ = {isa = PBXBuildFile; fileRef = FB0519F82CA310A20017CCAB /* CONTRIES */; };
		FB0519FF2CA311D80017CCAB /* ViewController2.swift in Sources */ = {isa = PBXBuildFile; fileRef = FB0519FE2CA311D80017CCAB /* ViewController2.swift */; };
		FB051A032CA3141C0017CCAB /* ViewController3.swift in Sources */ = {isa = PBXBuildFile; fileRef = FB051A022CA3141C0017CCAB /* ViewController3.swift */; };
		FB051A042CA31EE40017CCAB /* Main.storyboard in Resources */ = {isa = PBXBuildFile; fileRef = FB0519EA2CA308110017CCAB /* Main.storyboard */; };
/* End PBXBuildFile section */

/* Begin PBXFileReference section */
		FB0519E12CA308110017CCAB /* ToVisitTableView.app */ = {isa = PBXFileReference; explicitFileType = wrapper.application; includeInIndex = 0; path = ToVisitTableView.app; sourceTree = BUILT_PRODUCTS_DIR; };
		FB0519E42CA308110017CCAB /* AppDelegate.swift */ = {isa = PBXFileReference; lastKnownFileType = sourcecode.swift; path = AppDelegate.swift; sourceTree = "<group>"; };
		FB0519E62CA308110017CCAB /* SceneDelegate.swift */ = {isa = PBXFileReference; lastKnownFileType = sourcecode.swift; path = SceneDelegate.swift; sourceTree = "<group>"; };
		FB0519E82CA308110017CCAB /* ViewController.swift */ = {isa = PBXFileReference; lastKnownFileType = sourcecode.swift; path = ViewController.swift; sourceTree = "<group>"; };
		FB0519EB2CA308110017CCAB /* Base */ = {isa = PBXFileReference; lastKnownFileType = file.storyboard; name = Base; path = Base.lproj/Main.storyboard; sourceTree = "<group>"; };
		FB0519ED2CA308130017CCAB /* Assets.xcassets */ = {isa = PBXFileReference; lastKnownFileType = folder.assetcatalog; path = Assets.xcassets; sourceTree = "<group>"; };
		FB0519F02CA308130017CCAB /* Base */ = {isa = PBXFileReference; lastKnownFileType = file.storyboard; name = Base; path = Base.lproj/LaunchScreen.storyboard; sourceTree = "<group>"; };
		FB0519F22CA308130017CCAB /* Info.plist */ = {isa = PBXFileReference; lastKnownFileType = text.plist.xml; path = Info.plist; sourceTree = "<group>"; };
		FB0519F82CA310A20017CCAB /* CONTRIES */ = {isa = PBXFileReference; lastKnownFileType = folder; path = CONTRIES; sourceTree = "<group>"; };
		FB0519FE2CA311D80017CCAB /* ViewController2.swift */ = {isa = PBXFileReference; lastKnownFileType = sourcecode.swift; path = ViewController2.swift; sourceTree = "<group>"; };
		FB051A022CA3141C0017CCAB /* ViewController3.swift */ = {isa = PBXFileReference; lastKnownFileType = sourcecode.swift; path = ViewController3.swift; sourceTree = "<group>"; };
/* End PBXFileReference section */

/* Begin PBXFrameworksBuildPhase section */
		FB0519DE2CA308110017CCAB /* Frameworks */ = {
			isa = PBXFrameworksBuildPhase;
			buildActionMask = 2147483647;
			files = (
			);
			runOnlyForDeploymentPostprocessing = 0;
		};
/* End PBXFrameworksBuildPhase section */

/* Begin PBXGroup section */
		FB0519D82CA308110017CCAB = {
			isa = PBXGroup;
			children = (
				FB0519E32CA308110017CCAB /* ToVisitTableView */,
				FB0519E22CA308110017CCAB /* Products */,
			);
			sourceTree = "<group>";
		};
		FB0519E22CA308110017CCAB /* Products */ = {
			isa = PBXGroup;
			children = (
				FB0519E12CA308110017CCAB /* ToVisitTableView.app */,
			);
			name = Products;
			sourceTree = "<group>";
		};
		FB0519E32CA308110017CCAB /* ToVisitTableView */ = {
			isa = PBXGroup;
			children = (
				FB0519E42CA308110017CCAB /* AppDelegate.swift */,
				FB0519E62CA308110017CCAB /* SceneDelegate.swift */,
				FB0519E82CA308110017CCAB /* ViewController.swift */,
				FB0519EA2CA308110017CCAB /* Main.storyboard */,
				FB0519ED2CA308130017CCAB /* Assets.xcassets */,
				FB0519EF2CA308130017CCAB /* LaunchScreen.storyboard */,
				FB0519F22CA308130017CCAB /* Info.plist */,
				FB0519F82CA310A20017CCAB /* CONTRIES */,
				FB0519FE2CA311D80017CCAB /* ViewController2.swift */,
				FB051A022CA3141C0017CCAB /* ViewController3.swift */,
			);
			path = ToVisitTableView;
			sourceTree = "<group>";
		};
/* End PBXGroup section */

/* Begin PBXNativeTarget section */
		FB0519E02CA308110017CCAB /* ToVisitTableView */ = {
			isa = PBXNativeTarget;
			buildConfigurationList = FB0519F52CA308130017CCAB /* Build configuration list for PBXNativeTarget "ToVisitTableView" */;
			buildPhases = (
				FB0519DD2CA308110017CCAB /* Sources */,
				FB0519DE2CA308110017CCAB /* Frameworks */,
				FB0519DF2CA308110017CCAB /* Resources */,
			);
			buildRules = (
			);
			dependencies = (
			);
			name = ToVisitTableView;
			productName = ToVisitTableView;
			productReference = FB0519E12CA308110017CCAB /* ToVisitTableView.app */;
			productType = "com.apple.product-type.application";
		};
/* End PBXNativeTarget section */

/* Begin PBXProject section */
		FB0519D92CA308110017CCAB /* Project object */ = {
			isa = PBXProject;
			attributes = {
				BuildIndependentTargetsInParallel = 1;
				LastSwiftUpdateCheck = 1530;
				LastUpgradeCheck = 1530;
				TargetAttributes = {
					FB0519E02CA308110017CCAB = {
						CreatedOnToolsVersion = 15.3;
					};
				};
			};
			buildConfigurationList = FB0519DC2CA308110017CCAB /* Build configuration list for PBXProject "ToVisitTableView" */;
			compatibilityVersion = "Xcode 14.0";
			developmentRegion = en;
			hasScannedForEncodings = 0;
			knownRegions = (
				en,
				Base,
			);
			mainGroup = FB0519D82CA308110017CCAB;
			productRefGroup = FB0519E22CA308110017CCAB /* Products */;
			projectDirPath = "";
			projectRoot = "";
			targets = (
				FB0519E02CA308110017CCAB /* ToVisitTableView */,
			);
		};
/* End PBXProject section */

/* Begin PBXResourcesBuildPhase section */
		FB0519DF2CA308110017CCAB /* Resources */ = {
			isa = PBXResourcesBuildPhase;
			buildActionMask = 2147483647;
			files = (
				FB0519EE2CA308130017CCAB /* Assets.xcassets in Resources */,
				FB051A042CA31EE40017CCAB /* Main.storyboard in Resources */,
				FB0519F12CA308130017CCAB /* Base in Resources */,
				FB0519EC2CA308110017CCAB /* Base in Resources */,
				FB0519F92CA310A20017CCAB /* CONTRIES in Resources */,
			);
			runOnlyForDeploymentPostprocessing = 0;
		};
/* End PBXResourcesBuildPhase section */

/* Begin PBXSourcesBuildPhase section */
		FB0519DD2CA308110017CCAB /* Sources */ = {
			isa = PBXSourcesBuildPhase;
			buildActionMask = 2147483647;
			files = (
				FB051A032CA3141C0017CCAB /* ViewController3.swift in Sources */,
				FB0519E92CA308110017CCAB /* ViewController.swift in Sources */,
				FB0519FF2CA311D80017CCAB /* ViewController2.swift in Sources */,
				FB0519E52CA308110017CCAB /* AppDelegate.swift in Sources */,
				FB0519E72CA308110017CCAB /* SceneDelegate.swift in Sources */,
			);
			runOnlyForDeploymentPostprocessing = 0;
		};
/* End PBXSourcesBuildPhase section */

/* Begin PBXVariantGroup section */
		FB0519EA2CA308110017CCAB /* Main.storyboard */ = {
			isa = PBXVariantGroup;
			children = (
				FB0519EB2CA308110017CCAB /* Base */,
			);
			name = Main.storyboard;
			sourceTree = "<group>";
		};
		FB0519EF2CA308130017CCAB /* LaunchScreen.storyboard */ = {
			isa = PBXVariantGroup;
			children = (
				FB0519F02CA308130017CCAB /* Base */,
			);
			name = LaunchScreen.storyboard;
			sourceTree = "<group>";
		};
/* End PBXVariantGroup section */

/* Begin XCBuildConfiguration section */
		FB0519F32CA308130017CCAB /* Debug */ = {
			isa = XCBuildConfiguration;
			buildSettings = {
				ALWAYS_SEARCH_USER_PATHS = NO;
				ASSETCATALOG_COMPILER_GENERATE_SWIFT_ASSET_SYMBOL_EXTENSIONS = YES;
				CLANG_ANALYZER_NONNULL = YES;
				CLANG_ANALYZER_NUMBER_OBJECT_CONVERSION = YES_AGGRESSIVE;
				CLANG_CXX_LANGUAGE_STANDARD = "gnu++20";
				CLANG_ENABLE_MODULES = YES;
				CLANG_ENABLE_OBJC_ARC = YES;
				CLANG_ENABLE_OBJC_WEAK = YES;
				CLANG_WARN_BLOCK_CAPTURE_AUTORELEASING = YES;
				CLANG_WARN_BOOL_CONVERSION = YES;
				CLANG_WARN_COMMA = YES;
				CLANG_WARN_CONSTANT_CONVERSION = YES;
				CLANG_WARN_DEPRECATED_OBJC_IMPLEMENTATIONS = YES;
				CLANG_WARN_DIRECT_OBJC_ISA_USAGE = YES_ERROR;
				CLANG_WARN_DOCUMENTATION_COMMENTS = YES;
				CLANG_WARN_EMPTY_BODY = YES;
				CLANG_WARN_ENUM_CONVERSION = YES;
				CLANG_WARN_INFINITE_RECURSION = YES;
				CLANG_WARN_INT_CONVERSION = YES;
				CLANG_WARN_NON_LITERAL_NULL_CONVERSION = YES;
				CLANG_WARN_OBJC_IMPLICIT_RETAIN_SELF = YES;
				CLANG_WARN_OBJC_LITERAL_CONVERSION = YES;
				CLANG_WARN_OBJC_ROOT_CLASS = YES_ERROR;
				CLANG_WARN_QUOTED_INCLUDE_IN_FRAMEWORK_HEADER = YES;
				CLANG_WARN_RANGE_LOOP_ANALYSIS = YES;
				CLANG_WARN_STRICT_PROTOTYPES = YES;
				CLANG_WARN_SUSPICIOUS_MOVE = YES;
				CLANG_WARN_UNGUARDED_AVAILABILITY = YES_AGGRESSIVE;
				CLANG_WARN_UNREACHABLE_CODE = YES;
				CLANG_WARN__DUPLICATE_METHOD_MATCH = YES;
				COPY_PHASE_STRIP = NO;
				DEBUG_INFORMATION_FORMAT = dwarf;
				ENABLE_STRICT_OBJC_MSGSEND = YES;
				ENABLE_TESTABILITY = YES;
				ENABLE_USER_SCRIPT_SANDBOXING = YES;
				GCC_C_LANGUAGE_STANDARD = gnu17;
				GCC_DYNAMIC_NO_PIC = NO;
				GCC_NO_COMMON_BLOCKS = YES;
				GCC_OPTIMIZATION_LEVEL = 0;
				GCC_PREPROCESSOR_DEFINITIONS = (
					"DEBUG=1",
					"$(inherited)",
				);
				GCC_WARN_64_TO_32_BIT_CONVERSION = YES;
				GCC_WARN_ABOUT_RETURN_TYPE = YES_ERROR;
				GCC_WARN_UNDECLARED_SELECTOR = YES;
				GCC_WARN_UNINITIALIZED_AUTOS = YES_AGGRESSIVE;
				GCC_WARN_UNUSED_FUNCTION = YES;
				GCC_WARN_UNUSED_VARIABLE = YES;
				IPHONEOS_DEPLOYMENT_TARGET = 17.4;
				LOCALIZATION_PREFERS_STRING_CATALOGS = YES;
				MTL_ENABLE_DEBUG_INFO = INCLUDE_SOURCE;
				MTL_FAST_MATH = YES;
				ONLY_ACTIVE_ARCH = YES;
				SDKROOT = iphoneos;
				SWIFT_ACTIVE_COMPILATION_CONDITIONS = "DEBUG $(inherited)";
				SWIFT_OPTIMIZATION_LEVEL = "-Onone";
			};
			name = Debug;
		};
		FB0519F42CA308130017CCAB /* Release */ = {
			isa = XCBuildConfiguration;
			buildSettings = {
				ALWAYS_SEARCH_USER_PATHS = NO;
				ASSETCATALOG_COMPILER_GENERATE_SWIFT_ASSET_SYMBOL_EXTENSIONS = YES;
				CLANG_ANALYZER_NONNULL = YES;
				CLANG_ANALYZER_NUMBER_OBJECT_CONVERSION = YES_AGGRESSIVE;
				CLANG_CXX_LANGUAGE_STANDARD = "gnu++20";
				CLANG_ENABLE_MODULES = YES;
				CLANG_ENABLE_OBJC_ARC = YES;
				CLANG_ENABLE_OBJC_WEAK = YES;
				CLANG_WARN_BLOCK_CAPTURE_AUTORELEASING = YES;
				CLANG_WARN_BOOL_CONVERSION = YES;
				CLANG_WARN_COMMA = YES;
				CLANG_WARN_CONSTANT_CONVERSION = YES;
				CLANG_WARN_DEPRECATED_OBJC_IMPLEMENTATIONS = YES;
				CLANG_WARN_DIRECT_OBJC_ISA_USAGE = YES_ERROR;
				CLANG_WARN_DOCUMENTATION_COMMENTS = YES;
				CLANG_WARN_EMPTY_BODY = YES;
				CLANG_WARN_ENUM_CONVERSION = YES;
				CLANG_WARN_INFINITE_RECURSION = YES;
				CLANG_WARN_INT_CONVERSION = YES;
				CLANG_WARN_NON_LITERAL_NULL_CONVERSION = YES;
				CLANG_WARN_OBJC_IMPLICIT_RETAIN_SELF = YES;
				CLANG_WARN_OBJC_LITERAL_CONVERSION = YES;
				CLANG_WARN_OBJC_ROOT_CLASS = YES_ERROR;
				CLANG_WARN_QUOTED_INCLUDE_IN_FRAMEWORK_HEADER = YES;
				CLANG_WARN_RANGE_LOOP_ANALYSIS = YES;
				CLANG_WARN_STRICT_PROTOTYPES = YES;
				CLANG_WARN_SUSPICIOUS_MOVE = YES;
				CLANG_WARN_UNGUARDED_AVAILABILITY = YES_AGGRESSIVE;
				CLANG_WARN_UNREACHABLE_CODE = YES;
				CLANG_WARN__DUPLICATE_METHOD_MATCH = YES;
				COPY_PHASE_STRIP = NO;
				DEBUG_INFORMATION_FORMAT = "dwarf-with-dsym";
				ENABLE_NS_ASSERTIONS = NO;
				ENABLE_STRICT_OBJC_MSGSEND = YES;
				ENABLE_USER_SCRIPT_SANDBOXING = YES;
				GCC_C_LANGUAGE_STANDARD = gnu17;
				GCC_NO_COMMON_BLOCKS = YES;
				GCC_WARN_64_TO_32_BIT_CONVERSION = YES;
				GCC_WARN_ABOUT_RETURN_TYPE = YES_ERROR;
				GCC_WARN_UNDECLARED_SELECTOR = YES;
				GCC_WARN_UNINITIALIZED_AUTOS = YES_AGGRESSIVE;
				GCC_WARN_UNUSED_FUNCTION = YES;
				GCC_WARN_UNUSED_VARIABLE = YES;
				IPHONEOS_DEPLOYMENT_TARGET = 17.4;
				LOCALIZATION_PREFERS_STRING_CATALOGS = YES;
				MTL_ENABLE_DEBUG_INFO = NO;
				MTL_FAST_MATH = YES;
				SDKROOT = iphoneos;
				SWIFT_COMPILATION_MODE = wholemodule;
				VALIDATE_PRODUCT = YES;
			};
			name = Release;
		};
		FB0519F62CA308130017CCAB /* Debug */ = {
			isa = XCBuildConfiguration;
			buildSettings = {
				ASSETCATALOG_COMPILER_APPICON_NAME = AppIcon;
				ASSETCATALOG_COMPILER_GLOBAL_ACCENT_COLOR_NAME = AccentColor;
				CODE_SIGN_STYLE = Automatic;
				CURRENT_PROJECT_VERSION = 1;
				GENERATE_INFOPLIST_FILE = YES;
				INFOPLIST_FILE = ToVisitTableView/Info.plist;
				INFOPLIST_KEY_UIApplicationSupportsIndirectInputEvents = YES;
				INFOPLIST_KEY_UILaunchStoryboardName = LaunchScreen;
				INFOPLIST_KEY_UIMainStoryboardFile = Main;
				INFOPLIST_KEY_UISupportedInterfaceOrientations_iPad = "UIInterfaceOrientationPortrait UIInterfaceOrientationPortraitUpsideDown UIInterfaceOrientationLandscapeLeft UIInterfaceOrientationLandscapeRight";
				INFOPLIST_KEY_UISupportedInterfaceOrientations_iPhone = "UIInterfaceOrientationPortrait UIInterfaceOrientationLandscapeLeft UIInterfaceOrientationLandscapeRight";
				LD_RUNPATH_SEARCH_PATHS = (
					"$(inherited)",
					"@executable_path/Frameworks",
				);
				MARKETING_VERSION = 1.0;
				PRODUCT_BUNDLE_IDENTIFIER = com.tecsup.ToVisitTableView;
				PRODUCT_NAME = "$(TARGET_NAME)";
				SWIFT_EMIT_LOC_STRINGS = YES;
				SWIFT_VERSION = 5.0;
				TARGETED_DEVICE_FAMILY = "1,2";
			};
			name = Debug;
		};
		FB0519F72CA308130017CCAB /* Release */ = {
			isa = XCBuildConfiguration;
			buildSettings = {
				ASSETCATALOG_COMPILER_APPICON_NAME = AppIcon;
				ASSETCATALOG_COMPILER_GLOBAL_ACCENT_COLOR_NAME = AccentColor;
				CODE_SIGN_STYLE = Automatic;
				CURRENT_PROJECT_VERSION = 1;
				GENERATE_INFOPLIST_FILE = YES;
				INFOPLIST_FILE = ToVisitTableView/Info.plist;
				INFOPLIST_KEY_UIApplicationSupportsIndirectInputEvents = YES;
				INFOPLIST_KEY_UILaunchStoryboardName = LaunchScreen;
				INFOPLIST_KEY_UIMainStoryboardFile = Main;
				INFOPLIST_KEY_UISupportedInterfaceOrientations_iPad = "UIInterfaceOrientationPortrait UIInterfaceOrientationPortraitUpsideDown UIInterfaceOrientationLandscapeLeft UIInterfaceOrientationLandscapeRight";
				INFOPLIST_KEY_UISupportedInterfaceOrientations_iPhone = "UIInterfaceOrientationPortrait UIInterfaceOrientationLandscapeLeft UIInterfaceOrientationLandscapeRight";
				LD_RUNPATH_SEARCH_PATHS = (
					"$(inherited)",
					"@executable_path/Frameworks",
				);
				MARKETING_VERSION = 1.0;
				PRODUCT_BUNDLE_IDENTIFIER = com.tecsup.ToVisitTableView;
				PRODUCT_NAME = "$(TARGET_NAME)";
				SWIFT_EMIT_LOC_STRINGS = YES;
				SWIFT_VERSION = 5.0;
				TARGETED_DEVICE_FAMILY = "1,2";
			};
			name = Release;
		};
/* End XCBuildConfiguration section */

/* Begin XCConfigurationList section */
		FB0519DC2CA308110017CCAB /* Build configuration list for PBXProject "ToVisitTableView" */ = {
			isa = XCConfigurationList;
			buildConfigurations = (
				FB0519F32CA308130017CCAB /* Debug */,
				FB0519F42CA308130017CCAB /* Release */,
			);
			defaultConfigurationIsVisible = 0;
			defaultConfigurationName = Release;
		};
		FB0519F52CA308130017CCAB /* Build configuration list for PBXNativeTarget "ToVisitTableView" */ = {
			isa = XCConfigurationList;
			buildConfigurations = (
				FB0519F62CA308130017CCAB /* Debug */,
				FB0519F72CA308130017CCAB /* Release */,
			);
			defaultConfigurationIsVisible = 0;
			defaultConfigurationName = Release;
		};
/* End XCConfigurationList section */
	};
	rootObject = FB0519D92CA308110017CCAB /* Project object */;
}
