// !$*UTF8*$!
{
	archiveVersion = 1;
	classes = {
	};
	objectVersion = 56;
	objects = {

/* Begin PBXBuildFile section */
		FBC0F3C12C987FA700F6D609 /* AppDelegate.swift in Sources */ = {isa = PBXBuildFile; fileRef = FBC0F3C02C987FA700F6D609 /* AppDelegate.swift */; };
		FBC0F3C32C987FA700F6D609 /* SceneDelegate.swift in Sources */ = {isa = PBXBuildFile; fileRef = FBC0F3C22C987FA700F6D609 /* SceneDelegate.swift */; };
		FBC0F3C52C987FA700F6D609 /* ViewController.swift in Sources */ = {isa = PBXBuildFile; fileRef = FBC0F3C42C987FA700F6D609 /* ViewController.swift */; };
		FBC0F3C82C987FA700F6D609 /* Base in Resources */ = {isa = PBXBuildFile; fileRef = FBC0F3C72C987FA700F6D609 /* Base */; };
		FBC0F3CB2C987FA700F6D609 /* Mallasca.xcdatamodeld in Sources */ = {isa = PBXBuildFile; fileRef = FBC0F3C92C987FA700F6D609 /* Mallasca.xcdatamodeld */; };
		FBC0F3CD2C987FA800F6D609 /* Assets.xcassets in Resources */ = {isa = PBXBuildFile; fileRef = FBC0F3CC2C987FA800F6D609 /* Assets.xcassets */; };
		FBC0F3D02C987FA800F6D609 /* Base in Resources */ = {isa = PBXBuildFile; fileRef = FBC0F3CF2C987FA800F6D609 /* Base */; };
		FBC0F3FF2C98A13400F6D609 /* Calculadora.swift in Sources */ = {isa = PBXBuildFile; fileRef = FBC0F3FE2C98A13400F6D609 /* Calculadora.swift */; };
/* End PBXBuildFile section */

/* Begin PBXFileReference section */
		FBC0F3BD2C987FA700F6D609 /* Mallasca.app */ = {isa = PBXFileReference; explicitFileType = wrapper.application; includeInIndex = 0; path = Mallasca.app; sourceTree = BUILT_PRODUCTS_DIR; };
		FBC0F3C02C987FA700F6D609 /* AppDelegate.swift */ = {isa = PBXFileReference; lastKnownFileType = sourcecode.swift; path = AppDelegate.swift; sourceTree = "<group>"; };
		FBC0F3C22C987FA700F6D609 /* SceneDelegate.swift */ = {isa = PBXFileReference; lastKnownFileType = sourcecode.swift; path = SceneDelegate.swift; sourceTree = "<group>"; };
		FBC0F3C42C987FA700F6D609 /* ViewController.swift */ = {isa = PBXFileReference; lastKnownFileType = sourcecode.swift; path = ViewController.swift; sourceTree = "<group>"; };
		FBC0F3C72C987FA700F6D609 /* Base */ = {isa = PBXFileReference; lastKnownFileType = file.storyboard; name = Base; path = Base.lproj/Main.storyboard; sourceTree = "<group>"; };
		FBC0F3CA2C987FA700F6D609 /* Mallasca.xcdatamodel */ = {isa = PBXFileReference; lastKnownFileType = wrapper.xcdatamodel; path = Mallasca.xcdatamodel; sourceTree = "<group>"; };
		FBC0F3CC2C987FA800F6D609 /* Assets.xcassets */ = {isa = PBXFileReference; lastKnownFileType = folder.assetcatalog; path = Assets.xcassets; sourceTree = "<group>"; };
		FBC0F3CF2C987FA800F6D609 /* Base */ = {isa = PBXFileReference; lastKnownFileType = file.storyboard; name = Base; path = Base.lproj/LaunchScreen.storyboard; sourceTree = "<group>"; };
		FBC0F3D12C987FA800F6D609 /* Info.plist */ = {isa = PBXFileReference; lastKnownFileType = text.plist.xml; path = Info.plist; sourceTree = "<group>"; };
		FBC0F3FE2C98A13400F6D609 /* Calculadora.swift */ = {isa = PBXFileReference; lastKnownFileType = sourcecode.swift; path = Calculadora.swift; sourceTree = "<group>"; };
/* End PBXFileReference section */

/* Begin PBXFrameworksBuildPhase section */
		FBC0F3BA2C987FA700F6D609 /* Frameworks */ = {
			isa = PBXFrameworksBuildPhase;
			buildActionMask = 2147483647;
			files = (
			);
			runOnlyForDeploymentPostprocessing = 0;
		};
/* End PBXFrameworksBuildPhase section */

/* Begin PBXGroup section */
		FBC0F3B42C987FA700F6D609 = {
			isa = PBXGroup;
			children = (
				FBC0F3FE2C98A13400F6D609 /* Calculadora.swift */,
				FBC0F3BF2C987FA700F6D609 /* Mallasca */,
				FBC0F3BE2C987FA700F6D609 /* Products */,
			);
			sourceTree = "<group>";
		};
		FBC0F3BE2C987FA700F6D609 /* Products */ = {
			isa = PBXGroup;
			children = (
				FBC0F3BD2C987FA700F6D609 /* Mallasca.app */,
			);
			name = Products;
			sourceTree = "<group>";
		};
		FBC0F3BF2C987FA700F6D609 /* Mallasca */ = {
			isa = PBXGroup;
			children = (
				FBC0F3C02C987FA700F6D609 /* AppDelegate.swift */,
				FBC0F3C22C987FA700F6D609 /* SceneDelegate.swift */,
				FBC0F3C42C987FA700F6D609 /* ViewController.swift */,
				FBC0F3C62C987FA700F6D609 /* Main.storyboard */,
				FBC0F3CC2C987FA800F6D609 /* Assets.xcassets */,
				FBC0F3CE2C987FA800F6D609 /* LaunchScreen.storyboard */,
				FBC0F3D12C987FA800F6D609 /* Info.plist */,
				FBC0F3C92C987FA700F6D609 /* Mallasca.xcdatamodeld */,
			);
			path = Mallasca;
			sourceTree = "<group>";
		};
/* End PBXGroup section */

/* Begin PBXNativeTarget section */
		FBC0F3BC2C987FA700F6D609 /* Mallasca */ = {
			isa = PBXNativeTarget;
			buildConfigurationList = FBC0F3D42C987FA800F6D609 /* Build configuration list for PBXNativeTarget "Mallasca" */;
			buildPhases = (
				FBC0F3B92C987FA700F6D609 /* Sources */,
				FBC0F3BA2C987FA700F6D609 /* Frameworks */,
				FBC0F3BB2C987FA700F6D609 /* Resources */,
			);
			buildRules = (
			);
			dependencies = (
			);
			name = Mallasca;
			productName = Mallasca;
			productReference = FBC0F3BD2C987FA700F6D609 /* Mallasca.app */;
			productType = "com.apple.product-type.application";
		};
/* End PBXNativeTarget section */

/* Begin PBXProject section */
		FBC0F3B52C987FA700F6D609 /* Project object */ = {
			isa = PBXProject;
			attributes = {
				BuildIndependentTargetsInParallel = 1;
				LastSwiftUpdateCheck = 1530;
				LastUpgradeCheck = 1530;
				TargetAttributes = {
					FBC0F3BC2C987FA700F6D609 = {
						CreatedOnToolsVersion = 15.3;
					};
				};
			};
			buildConfigurationList = FBC0F3B82C987FA700F6D609 /* Build configuration list for PBXProject "Mallasca" */;
			compatibilityVersion = "Xcode 14.0";
			developmentRegion = en;
			hasScannedForEncodings = 0;
			knownRegions = (
				en,
				Base,
			);
			mainGroup = FBC0F3B42C987FA700F6D609;
			productRefGroup = FBC0F3BE2C987FA700F6D609 /* Products */;
			projectDirPath = "";
			projectRoot = "";
			targets = (
				FBC0F3BC2C987FA700F6D609 /* Mallasca */,
			);
		};
/* End PBXProject section */

/* Begin PBXResourcesBuildPhase section */
		FBC0F3BB2C987FA700F6D609 /* Resources */ = {
			isa = PBXResourcesBuildPhase;
			buildActionMask = 2147483647;
			files = (
				FBC0F3CD2C987FA800F6D609 /* Assets.xcassets in Resources */,
				FBC0F3D02C987FA800F6D609 /* Base in Resources */,
				FBC0F3C82C987FA700F6D609 /* Base in Resources */,
			);
			runOnlyForDeploymentPostprocessing = 0;
		};
/* End PBXResourcesBuildPhase section */

/* Begin PBXSourcesBuildPhase section */
		FBC0F3B92C987FA700F6D609 /* Sources */ = {
			isa = PBXSourcesBuildPhase;
			buildActionMask = 2147483647;
			files = (
				FBC0F3C52C987FA700F6D609 /* ViewController.swift in Sources */,
				FBC0F3FF2C98A13400F6D609 /* Calculadora.swift in Sources */,
				FBC0F3C12C987FA700F6D609 /* AppDelegate.swift in Sources */,
				FBC0F3C32C987FA700F6D609 /* SceneDelegate.swift in Sources */,
				FBC0F3CB2C987FA700F6D609 /* Mallasca.xcdatamodeld in Sources */,
			);
			runOnlyForDeploymentPostprocessing = 0;
		};
/* End PBXSourcesBuildPhase section */

/* Begin PBXVariantGroup section */
		FBC0F3C62C987FA700F6D609 /* Main.storyboard */ = {
			isa = PBXVariantGroup;
			children = (
				FBC0F3C72C987FA700F6D609 /* Base */,
			);
			name = Main.storyboard;
			sourceTree = "<group>";
		};
		FBC0F3CE2C987FA800F6D609 /* LaunchScreen.storyboard */ = {
			isa = PBXVariantGroup;
			children = (
				FBC0F3CF2C987FA800F6D609 /* Base */,
			);
			name = LaunchScreen.storyboard;
			sourceTree = "<group>";
		};
/* End PBXVariantGroup section */

/* Begin XCBuildConfiguration section */
		FBC0F3D22C987FA800F6D609 /* Debug */ = {
			isa = XCBuildConfiguration;
			buildSettings = {
				ALWAYS_SEARCH_USER_PATHS = NO;
				ASSETCATALOG_COMPILER_GENERATE_SWIFT_ASSET_SYMBOL_EXTENSIONS = YES;
				CLANG_ANALYZER_NONNULL = YES;
				CLANG_ANALYZER_NUMBER_OBJECT_CONVERSION = YES_AGGRESSIVE;
				CLANG_CXX_LANGUAGE_STANDARD = "gnu++20";
				CLANG_ENABLE_MODULES = YES;
				CLANG_ENABLE_OBJC_ARC = YES;
				CLANG_ENABLE_OBJC_WEAK = YES;
				CLANG_WARN_BLOCK_CAPTURE_AUTORELEASING = YES;
				CLANG_WARN_BOOL_CONVERSION = YES;
				CLANG_WARN_COMMA = YES;
				CLANG_WARN_CONSTANT_CONVERSION = YES;
				CLANG_WARN_DEPRECATED_OBJC_IMPLEMENTATIONS = YES;
				CLANG_WARN_DIRECT_OBJC_ISA_USAGE = YES_ERROR;
				CLANG_WARN_DOCUMENTATION_COMMENTS = YES;
				CLANG_WARN_EMPTY_BODY = YES;
				CLANG_WARN_ENUM_CONVERSION = YES;
				CLANG_WARN_INFINITE_RECURSION = YES;
				CLANG_WARN_INT_CONVERSION = YES;
				CLANG_WARN_NON_LITERAL_NULL_CONVERSION = YES;
				CLANG_WARN_OBJC_IMPLICIT_RETAIN_SELF = YES;
				CLANG_WARN_OBJC_LITERAL_CONVERSION = YES;
				CLANG_WARN_OBJC_ROOT_CLASS = YES_ERROR;
				CLANG_WARN_QUOTED_INCLUDE_IN_FRAMEWORK_HEADER = YES;
				CLANG_WARN_RANGE_LOOP_ANALYSIS = YES;
				CLANG_WARN_STRICT_PROTOTYPES = YES;
				CLANG_WARN_SUSPICIOUS_MOVE = YES;
				CLANG_WARN_UNGUARDED_AVAILABILITY = YES_AGGRESSIVE;
				CLANG_WARN_UNREACHABLE_CODE = YES;
				CLANG_WARN__DUPLICATE_METHOD_MATCH = YES;
				COPY_PHASE_STRIP = NO;
				DEBUG_INFORMATION_FORMAT = dwarf;
				ENABLE_STRICT_OBJC_MSGSEND = YES;
				ENABLE_TESTABILITY = YES;
				ENABLE_USER_SCRIPT_SANDBOXING = YES;
				GCC_C_LANGUAGE_STANDARD = gnu17;
				GCC_DYNAMIC_NO_PIC = NO;
				GCC_NO_COMMON_BLOCKS = YES;
				GCC_OPTIMIZATION_LEVEL = 0;
				GCC_PREPROCESSOR_DEFINITIONS = (
					"DEBUG=1",
					"$(inherited)",
				);
				GCC_WARN_64_TO_32_BIT_CONVERSION = YES;
				GCC_WARN_ABOUT_RETURN_TYPE = YES_ERROR;
				GCC_WARN_UNDECLARED_SELECTOR = YES;
				GCC_WARN_UNINITIALIZED_AUTOS = YES_AGGRESSIVE;
				GCC_WARN_UNUSED_FUNCTION = YES;
				GCC_WARN_UNUSED_VARIABLE = YES;
				IPHONEOS_DEPLOYMENT_TARGET = 17.4;
				LOCALIZATION_PREFERS_STRING_CATALOGS = YES;
				MTL_ENABLE_DEBUG_INFO = INCLUDE_SOURCE;
				MTL_FAST_MATH = YES;
				ONLY_ACTIVE_ARCH = YES;
				SDKROOT = iphoneos;
				SWIFT_ACTIVE_COMPILATION_CONDITIONS = "DEBUG $(inherited)";
				SWIFT_OPTIMIZATION_LEVEL = "-Onone";
			};
			name = Debug;
		};
		FBC0F3D32C987FA800F6D609 /* Release */ = {
			isa = XCBuildConfiguration;
			buildSettings = {
				ALWAYS_SEARCH_USER_PATHS = NO;
				ASSETCATALOG_COMPILER_GENERATE_SWIFT_ASSET_SYMBOL_EXTENSIONS = YES;
				CLANG_ANALYZER_NONNULL = YES;
				CLANG_ANALYZER_NUMBER_OBJECT_CONVERSION = YES_AGGRESSIVE;
				CLANG_CXX_LANGUAGE_STANDARD = "gnu++20";
				CLANG_ENABLE_MODULES = YES;
				CLANG_ENABLE_OBJC_ARC = YES;
				CLANG_ENABLE_OBJC_WEAK = YES;
				CLANG_WARN_BLOCK_CAPTURE_AUTORELEASING = YES;
				CLANG_WARN_BOOL_CONVERSION = YES;
				CLANG_WARN_COMMA = YES;
				CLANG_WARN_CONSTANT_CONVERSION = YES;
				CLANG_WARN_DEPRECATED_OBJC_IMPLEMENTATIONS = YES;
				CLANG_WARN_DIRECT_OBJC_ISA_USAGE = YES_ERROR;
				CLANG_WARN_DOCUMENTATION_COMMENTS = YES;
				CLANG_WARN_EMPTY_BODY = YES;
				CLANG_WARN_ENUM_CONVERSION = YES;
				CLANG_WARN_INFINITE_RECURSION = YES;
				CLANG_WARN_INT_CONVERSION = YES;
				CLANG_WARN_NON_LITERAL_NULL_CONVERSION = YES;
				CLANG_WARN_OBJC_IMPLICIT_RETAIN_SELF = YES;
				CLANG_WARN_OBJC_LITERAL_CONVERSION = YES;
				CLANG_WARN_OBJC_ROOT_CLASS = YES_ERROR;
				CLANG_WARN_QUOTED_INCLUDE_IN_FRAMEWORK_HEADER = YES;
				CLANG_WARN_RANGE_LOOP_ANALYSIS = YES;
				CLANG_WARN_STRICT_PROTOTYPES = YES;
				CLANG_WARN_SUSPICIOUS_MOVE = YES;
				CLANG_WARN_UNGUARDED_AVAILABILITY = YES_AGGRESSIVE;
				CLANG_WARN_UNREACHABLE_CODE = YES;
				CLANG_WARN__DUPLICATE_METHOD_MATCH = YES;
				COPY_PHASE_STRIP = NO;
				DEBUG_INFORMATION_FORMAT = "dwarf-with-dsym";
				ENABLE_NS_ASSERTIONS = NO;
				ENABLE_STRICT_OBJC_MSGSEND = YES;
				ENABLE_USER_SCRIPT_SANDBOXING = YES;
				GCC_C_LANGUAGE_STANDARD = gnu17;
				GCC_NO_COMMON_BLOCKS = YES;
				GCC_WARN_64_TO_32_BIT_CONVERSION = YES;
				GCC_WARN_ABOUT_RETURN_TYPE = YES_ERROR;
				GCC_WARN_UNDECLARED_SELECTOR = YES;
				GCC_WARN_UNINITIALIZED_AUTOS = YES_AGGRESSIVE;
				GCC_WARN_UNUSED_FUNCTION = YES;
				GCC_WARN_UNUSED_VARIABLE = YES;
				IPHONEOS_DEPLOYMENT_TARGET = 17.4;
				LOCALIZATION_PREFERS_STRING_CATALOGS = YES;
				MTL_ENABLE_DEBUG_INFO = NO;
				MTL_FAST_MATH = YES;
				SDKROOT = iphoneos;
				SWIFT_COMPILATION_MODE = wholemodule;
				VALIDATE_PRODUCT = YES;
			};
			name = Release;
		};
		FBC0F3D52C987FA800F6D609 /* Debug */ = {
			isa = XCBuildConfiguration;
			buildSettings = {
				ASSETCATALOG_COMPILER_APPICON_NAME = AppIcon;
				ASSETCATALOG_COMPILER_GLOBAL_ACCENT_COLOR_NAME = AccentColor;
				CODE_SIGN_STYLE = Automatic;
				CURRENT_PROJECT_VERSION = 1;
				GENERATE_INFOPLIST_FILE = YES;
				INFOPLIST_FILE = Mallasca/Info.plist;
				INFOPLIST_KEY_UIApplicationSupportsIndirectInputEvents = YES;
				INFOPLIST_KEY_UILaunchStoryboardName = LaunchScreen;
				INFOPLIST_KEY_UIMainStoryboardFile = Main;
				INFOPLIST_KEY_UISupportedInterfaceOrientations_iPad = "UIInterfaceOrientationPortrait UIInterfaceOrientationPortraitUpsideDown UIInterfaceOrientationLandscapeLeft UIInterfaceOrientationLandscapeRight";
				INFOPLIST_KEY_UISupportedInterfaceOrientations_iPhone = "UIInterfaceOrientationPortrait UIInterfaceOrientationLandscapeLeft UIInterfaceOrientationLandscapeRight";
				LD_RUNPATH_SEARCH_PATHS = (
					"$(inherited)",
					"@executable_path/Frameworks",
				);
				MARKETING_VERSION = 1.0;
				PRODUCT_BUNDLE_IDENTIFIER = com.tecsup.Mallasca;
				PRODUCT_NAME = "$(TARGET_NAME)";
				SWIFT_EMIT_LOC_STRINGS = YES;
				SWIFT_VERSION = 5.0;
				TARGETED_DEVICE_FAMILY = "1,2";
			};
			name = Debug;
		};
		FBC0F3D62C987FA800F6D609 /* Release */ = {
			isa = XCBuildConfiguration;
			buildSettings = {
				ASSETCATALOG_COMPILER_APPICON_NAME = AppIcon;
				ASSETCATALOG_COMPILER_GLOBAL_ACCENT_COLOR_NAME = AccentColor;
				CODE_SIGN_STYLE = Automatic;
				CURRENT_PROJECT_VERSION = 1;
				GENERATE_INFOPLIST_FILE = YES;
				INFOPLIST_FILE = Mallasca/Info.plist;
				INFOPLIST_KEY_UIApplicationSupportsIndirectInputEvents = YES;
				INFOPLIST_KEY_UILaunchStoryboardName = LaunchScreen;
				INFOPLIST_KEY_UIMainStoryboardFile = Main;
				INFOPLIST_KEY_UISupportedInterfaceOrientations_iPad = "UIInterfaceOrientationPortrait UIInterfaceOrientationPortraitUpsideDown UIInterfaceOrientationLandscapeLeft UIInterfaceOrientationLandscapeRight";
				INFOPLIST_KEY_UISupportedInterfaceOrientations_iPhone = "UIInterfaceOrientationPortrait UIInterfaceOrientationLandscapeLeft UIInterfaceOrientationLandscapeRight";
				LD_RUNPATH_SEARCH_PATHS = (
					"$(inherited)",
					"@executable_path/Frameworks",
				);
				MARKETING_VERSION = 1.0;
				PRODUCT_BUNDLE_IDENTIFIER = com.tecsup.Mallasca;
				PRODUCT_NAME = "$(TARGET_NAME)";
				SWIFT_EMIT_LOC_STRINGS = YES;
				SWIFT_VERSION = 5.0;
				TARGETED_DEVICE_FAMILY = "1,2";
			};
			name = Release;
		};
/* End XCBuildConfiguration section */

/* Begin XCConfigurationList section */
		FBC0F3B82C987FA700F6D609 /* Build configuration list for PBXProject "Mallasca" */ = {
			isa = XCConfigurationList;
			buildConfigurations = (
				FBC0F3D22C987FA800F6D609 /* Debug */,
				FBC0F3D32C987FA800F6D609 /* Release */,
			);
			defaultConfigurationIsVisible = 0;
			defaultConfigurationName = Release;
		};
		FBC0F3D42C987FA800F6D609 /* Build configuration list for PBXNativeTarget "Mallasca" */ = {
			isa = XCConfigurationList;
			buildConfigurations = (
				FBC0F3D52C987FA800F6D609 /* Debug */,
				FBC0F3D62C987FA800F6D609 /* Release */,
			);
			defaultConfigurationIsVisible = 0;
			defaultConfigurationName = Release;
		};
/* End XCConfigurationList section */

/* Begin XCVersionGroup section */
		FBC0F3C92C987FA700F6D609 /* Mallasca.xcdatamodeld */ = {
			isa = XCVersionGroup;
			children = (
				FBC0F3CA2C987FA700F6D609 /* Mallasca.xcdatamodel */,
			);
			currentVersion = FBC0F3CA2C987FA700F6D609 /* Mallasca.xcdatamodel */;
			path = Mallasca.xcdatamodeld;
			sourceTree = "<group>";
			versionGroupType = wrapper.xcdatamodel;
		};
/* End XCVersionGroup section */
	};
	rootObject = FBC0F3B52C987FA700F6D609 /* Project object */;
}
